
Microsoft Visual Studio Solution File, Format Version 12.00
# Visual Studio Version 17
VisualStudioVersion = 17.5.33530.505
MinimumVisualStudioVersion = 10.0.40219.1
Project("{FAE04EC0-301F-11D3-BF4B-00C04F79EFBC}") = "AWSAD1-SEM-3-TRAN-DANG-DINH-D00267-20-05-23", "AWSAD1-SEM-3-TRAN-DANG-DINH-D00267-20-05-23\AWSAD1-SEM-3-TRAN-DANG-DINH-D00267-20-05-23.csproj", "{1F591558-9796-4FF3-8BB3-6520255A6D80}"
EndProject
Global
	GlobalSection(SolutionConfigurationPlatforms) = preSolution
		Debug|Any CPU = Debug|Any CPU
		Release|Any CPU = Release|Any CPU
	EndGlobalSection
	GlobalSection(ProjectConfigurationPlatforms) = postSolution
		{1F591558-9796-4FF3-8BB3-6520255A6D80}.Debug|Any CPU.ActiveCfg = Debug|Any CPU
		{1F591558-9796-4FF3-8BB3-6520255A6D80}.Debug|Any CPU.Build.0 = Debug|Any CPU
		{1F591558-9796-4FF3-8BB3-6520255A6D80}.Release|Any CPU.ActiveCfg = Release|Any CPU
		{1F591558-9796-4FF3-8BB3-6520255A6D80}.Release|Any CPU.Build.0 = Release|Any CPU
	EndGlobalSection
	GlobalSection(SolutionProperties) = preSolution
		HideSolutionNode = FALSE
	EndGlobalSection
	GlobalSection(ExtensibilityGlobals) = postSolution
		SolutionGuid = {B10E556F-4E89-440F-93C5-AE7C5BF7355E}
	EndGlobalSection
EndGlobal
